
Microsoft Visual Studio Solution File, Format Version 12.00
# Visual Studio Version 16
VisualStudioVersion = 16.0.31729.503
MinimumVisualStudioVersion = 10.0.40219.1
Project("{FAE04EC0-301F-11D3-BF4B-00C04F79EFBC}") = "WebApiCRUD", "WebApiCRUD\WebApiCRUD.csproj", "{995CA622-8105-4FC1-AB73-01B5CAC9D008}"
EndProject
Global
	GlobalSection(SolutionConfigurationPlatforms) = preSolution
		Debug|Any CPU = Debug|Any CPU
		Release|Any CPU = Release|Any CPU
	EndGlobalSection
	GlobalSection(ProjectConfigurationPlatforms) = postSolution
		{995CA622-8105-4FC1-AB73-01B5CAC9D008}.Debug|Any CPU.ActiveCfg = Debug|Any CPU
		{995CA622-8105-4FC1-AB73-01B5CAC9D008}.Debug|Any CPU.Build.0 = Debug|Any CPU
		{995CA622-8105-4FC1-AB73-01B5CAC9D008}.Release|Any CPU.ActiveCfg = Release|Any CPU
		{995CA622-8105-4FC1-AB73-01B5CAC9D008}.Release|Any CPU.Build.0 = Release|Any CPU
	EndGlobalSection
	GlobalSection(SolutionProperties) = preSolution
		HideSolutionNode = FALSE
	EndGlobalSection
	GlobalSection(ExtensibilityGlobals) = postSolution
		SolutionGuid = {6EA23DEC-644E-4A62-9041-BEEFE388F49A}
	EndGlobalSection
EndGlobal
